
Microsoft Visual Studio Solution File, Format Version 12.00
# Visual Studio Version 17
VisualStudioVersion = 17.13.35931.197 d17.13
MinimumVisualStudioVersion = 10.0.40219.1
Project("{FAE04EC0-301F-11D3-BF4B-00C04F79EFBC}") = "QuanLySV", "QuanLySV.csproj", "{75AB7E4F-FEA3-4586-A288-6E2F7C98B97F}"
EndProject
Project("{FAE04EC0-301F-11D3-BF4B-00C04F79EFBC}") = "DAL", "DAL\DAL.csproj", "{048ED7E7-534D-4966-93EB-4B5DD78BA36B}"
EndProject
Project("{FAE04EC0-301F-11D3-BF4B-00C04F79EFBC}") = "BLL", "BLL\BLL.csproj", "{437FB4AC-E2F1-4BDF-9F19-EC24D67CD55C}"
EndProject
Global
	GlobalSection(SolutionConfigurationPlatforms) = preSolution
		Debug|Any CPU = Debug|Any CPU
		Release|Any CPU = Release|Any CPU
	EndGlobalSection
	GlobalSection(ProjectConfigurationPlatforms) = postSolution
		{75AB7E4F-FEA3-4586-A288-6E2F7C98B97F}.Debug|Any CPU.ActiveCfg = Debug|Any CPU
		{75AB7E4F-FEA3-4586-A288-6E2F7C98B97F}.Debug|Any CPU.Build.0 = Debug|Any CPU
		{75AB7E4F-FEA3-4586-A288-6E2F7C98B97F}.Release|Any CPU.ActiveCfg = Release|Any CPU
		{75AB7E4F-FEA3-4586-A288-6E2F7C98B97F}.Release|Any CPU.Build.0 = Release|Any CPU
		{048ED7E7-534D-4966-93EB-4B5DD78BA36B}.Debug|Any CPU.ActiveCfg = Debug|Any CPU
		{048ED7E7-534D-4966-93EB-4B5DD78BA36B}.Debug|Any CPU.Build.0 = Debug|Any CPU
		{048ED7E7-534D-4966-93EB-4B5DD78BA36B}.Release|Any CPU.ActiveCfg = Release|Any CPU
		{048ED7E7-534D-4966-93EB-4B5DD78BA36B}.Release|Any CPU.Build.0 = Release|Any CPU
		{437FB4AC-E2F1-4BDF-9F19-EC24D67CD55C}.Debug|Any CPU.ActiveCfg = Debug|Any CPU
		{437FB4AC-E2F1-4BDF-9F19-EC24D67CD55C}.Debug|Any CPU.Build.0 = Debug|Any CPU
		{437FB4AC-E2F1-4BDF-9F19-EC24D67CD55C}.Release|Any CPU.ActiveCfg = Release|Any CPU
		{437FB4AC-E2F1-4BDF-9F19-EC24D67CD55C}.Release|Any CPU.Build.0 = Release|Any CPU
	EndGlobalSection
	GlobalSection(SolutionProperties) = preSolution
		HideSolutionNode = FALSE
	EndGlobalSection
	GlobalSection(ExtensibilityGlobals) = postSolution
		SolutionGuid = {8149FC4A-2EF6-4270-BAD9-A6EA2160ADB1}
	EndGlobalSection
EndGlobal
